// !$*UTF8*$!
{
	archiveVersion = 1;
	classes = {
	};
	objectVersion = 56;
	objects = {

/* Begin PBXBuildFile section */
		FAF1A9552A77F1F700528B5D /* AppDelegate.swift in Sources */ = {isa = PBXBuildFile; fileRef = FAF1A9542A77F1F700528B5D /* AppDelegate.swift */; };
		FAF1A9572A77F1F700528B5D /* SceneDelegate.swift in Sources */ = {isa = PBXBuildFile; fileRef = FAF1A9562A77F1F700528B5D /* SceneDelegate.swift */; };
		FAF1A9592A77F1F700528B5D /* ViewController.swift in Sources */ = {isa = PBXBuildFile; fileRef = FAF1A9582A77F1F700528B5D /* ViewController.swift */; };
		FAF1A95E2A77F1F800528B5D /* Assets.xcassets in Resources */ = {isa = PBXBuildFile; fileRef = FAF1A95D2A77F1F800528B5D /* Assets.xcassets */; };
		FAF1A9612A77F1F800528B5D /* LaunchScreen.storyboard in Resources */ = {isa = PBXBuildFile; fileRef = FAF1A95F2A77F1F800528B5D /* LaunchScreen.storyboard */; };
		FAF1A96A2A77F57900528B5D /* SnapKit in Frameworks */ = {isa = PBXBuildFile; productRef = FAF1A9692A77F57900528B5D /* SnapKit */; };
		FAF1A96D2A77F68300528B5D /* Alamofire in Frameworks */ = {isa = PBXBuildFile; productRef = FAF1A96C2A77F68300528B5D /* Alamofire */; };
		FAF1A96F2A7AA2B300528B5D /* ChuckNorrisJoke.swift in Sources */ = {isa = PBXBuildFile; fileRef = FAF1A96E2A7AA2B200528B5D /* ChuckNorrisJoke.swift */; };
/* End PBXBuildFile section */

/* Begin PBXFileReference section */
		FAF1A9512A77F1F700528B5D /* Chuck Norris Joke.app */ = {isa = PBXFileReference; explicitFileType = wrapper.application; includeInIndex = 0; path = "Chuck Norris Joke.app"; sourceTree = BUILT_PRODUCTS_DIR; };
		FAF1A9542A77F1F700528B5D /* AppDelegate.swift */ = {isa = PBXFileReference; lastKnownFileType = sourcecode.swift; path = AppDelegate.swift; sourceTree = "<group>"; };
		FAF1A9562A77F1F700528B5D /* SceneDelegate.swift */ = {isa = PBXFileReference; lastKnownFileType = sourcecode.swift; path = SceneDelegate.swift; sourceTree = "<group>"; };
		FAF1A9582A77F1F700528B5D /* ViewController.swift */ = {isa = PBXFileReference; lastKnownFileType = sourcecode.swift; path = ViewController.swift; sourceTree = "<group>"; };
		FAF1A95D2A77F1F800528B5D /* Assets.xcassets */ = {isa = PBXFileReference; lastKnownFileType = folder.assetcatalog; path = Assets.xcassets; sourceTree = "<group>"; };
		FAF1A9602A77F1F800528B5D /* Base */ = {isa = PBXFileReference; lastKnownFileType = file.storyboard; name = Base; path = Base.lproj/LaunchScreen.storyboard; sourceTree = "<group>"; };
		FAF1A9622A77F1F800528B5D /* Info.plist */ = {isa = PBXFileReference; lastKnownFileType = text.plist.xml; path = Info.plist; sourceTree = "<group>"; };
		FAF1A96E2A7AA2B200528B5D /* ChuckNorrisJoke.swift */ = {isa = PBXFileReference; lastKnownFileType = sourcecode.swift; path = ChuckNorrisJoke.swift; sourceTree = "<group>"; };
/* End PBXFileReference section */

/* Begin PBXFrameworksBuildPhase section */
		FAF1A94E2A77F1F700528B5D /* Frameworks */ = {
			isa = PBXFrameworksBuildPhase;
			buildActionMask = 2147483647;
			files = (
				FAF1A96A2A77F57900528B5D /* SnapKit in Frameworks */,
				FAF1A96D2A77F68300528B5D /* Alamofire in Frameworks */,
			);
			runOnlyForDeploymentPostprocessing = 0;
		};
/* End PBXFrameworksBuildPhase section */

/* Begin PBXGroup section */
		FAF1A9482A77F1F700528B5D = {
			isa = PBXGroup;
			children = (
				FAF1A9532A77F1F700528B5D /* Chuck Norris Joke */,
				FAF1A9522A77F1F700528B5D /* Products */,
			);
			sourceTree = "<group>";
		};
		FAF1A9522A77F1F700528B5D /* Products */ = {
			isa = PBXGroup;
			children = (
				FAF1A9512A77F1F700528B5D /* Chuck Norris Joke.app */,
			);
			name = Products;
			sourceTree = "<group>";
		};
		FAF1A9532A77F1F700528B5D /* Chuck Norris Joke */ = {
			isa = PBXGroup;
			children = (
				FAF1A9542A77F1F700528B5D /* AppDelegate.swift */,
				FAF1A9562A77F1F700528B5D /* SceneDelegate.swift */,
				FAF1A9582A77F1F700528B5D /* ViewController.swift */,
				FAF1A96E2A7AA2B200528B5D /* ChuckNorrisJoke.swift */,
				FAF1A95D2A77F1F800528B5D /* Assets.xcassets */,
				FAF1A95F2A77F1F800528B5D /* LaunchScreen.storyboard */,
				FAF1A9622A77F1F800528B5D /* Info.plist */,
			);
			path = "Chuck Norris Joke";
			sourceTree = "<group>";
		};
/* End PBXGroup section */

/* Begin PBXNativeTarget section */
		FAF1A9502A77F1F700528B5D /* Chuck Norris Joke */ = {
			isa = PBXNativeTarget;
			buildConfigurationList = FAF1A9652A77F1F800528B5D /* Build configuration list for PBXNativeTarget "Chuck Norris Joke" */;
			buildPhases = (
				FAF1A94D2A77F1F700528B5D /* Sources */,
				FAF1A94E2A77F1F700528B5D /* Frameworks */,
				FAF1A94F2A77F1F700528B5D /* Resources */,
			);
			buildRules = (
			);
			dependencies = (
			);
			name = "Chuck Norris Joke";
			packageProductDependencies = (
				FAF1A9692A77F57900528B5D /* SnapKit */,
				FAF1A96C2A77F68300528B5D /* Alamofire */,
			);
			productName = "Chuck Norris Joke";
			productReference = FAF1A9512A77F1F700528B5D /* Chuck Norris Joke.app */;
			productType = "com.apple.product-type.application";
		};
/* End PBXNativeTarget section */

/* Begin PBXProject section */
		FAF1A9492A77F1F700528B5D /* Project object */ = {
			isa = PBXProject;
			attributes = {
				BuildIndependentTargetsInParallel = 1;
				LastSwiftUpdateCheck = 1430;
				LastUpgradeCheck = 1430;
				TargetAttributes = {
					FAF1A9502A77F1F700528B5D = {
						CreatedOnToolsVersion = 14.3.1;
					};
				};
			};
			buildConfigurationList = FAF1A94C2A77F1F700528B5D /* Build configuration list for PBXProject "Chuck Norris Joke" */;
			compatibilityVersion = "Xcode 14.0";
			developmentRegion = en;
			hasScannedForEncodings = 0;
			knownRegions = (
				en,
				Base,
			);
			mainGroup = FAF1A9482A77F1F700528B5D;
			packageReferences = (
				FAF1A9682A77F57900528B5D /* XCRemoteSwiftPackageReference "SnapKit" */,
				FAF1A96B2A77F68300528B5D /* XCRemoteSwiftPackageReference "Alamofire" */,
			);
			productRefGroup = FAF1A9522A77F1F700528B5D /* Products */;
			projectDirPath = "";
			projectRoot = "";
			targets = (
				FAF1A9502A77F1F700528B5D /* Chuck Norris Joke */,
			);
		};
/* End PBXProject section */

/* Begin PBXResourcesBuildPhase section */
		FAF1A94F2A77F1F700528B5D /* Resources */ = {
			isa = PBXResourcesBuildPhase;
			buildActionMask = 2147483647;
			files = (
				FAF1A9612A77F1F800528B5D /* LaunchScreen.storyboard in Resources */,
				FAF1A95E2A77F1F800528B5D /* Assets.xcassets in Resources */,
			);
			runOnlyForDeploymentPostprocessing = 0;
		};
/* End PBXResourcesBuildPhase section */

/* Begin PBXSourcesBuildPhase section */
		FAF1A94D2A77F1F700528B5D /* Sources */ = {
			isa = PBXSourcesBuildPhase;
			buildActionMask = 2147483647;
			files = (
				FAF1A9592A77F1F700528B5D /* ViewController.swift in Sources */,
				FAF1A9552A77F1F700528B5D /* AppDelegate.swift in Sources */,
				FAF1A9572A77F1F700528B5D /* SceneDelegate.swift in Sources */,
				FAF1A96F2A7AA2B300528B5D /* ChuckNorrisJoke.swift in Sources */,
			);
			runOnlyForDeploymentPostprocessing = 0;
		};
/* End PBXSourcesBuildPhase section */

/* Begin PBXVariantGroup section */
		FAF1A95F2A77F1F800528B5D /* LaunchScreen.storyboard */ = {
			isa = PBXVariantGroup;
			children = (
				FAF1A9602A77F1F800528B5D /* Base */,
			);
			name = LaunchScreen.storyboard;
			sourceTree = "<group>";
		};
/* End PBXVariantGroup section */

/* Begin XCBuildConfiguration section */
		FAF1A9632A77F1F800528B5D /* Debug */ = {
			isa = XCBuildConfiguration;
			buildSettings = {
				ALWAYS_SEARCH_USER_PATHS = NO;
				CLANG_ANALYZER_NONNULL = YES;
				CLANG_ANALYZER_NUMBER_OBJECT_CONVERSION = YES_AGGRESSIVE;
				CLANG_CXX_LANGUAGE_STANDARD = "gnu++20";
				CLANG_ENABLE_MODULES = YES;
				CLANG_ENABLE_OBJC_ARC = YES;
				CLANG_ENABLE_OBJC_WEAK = YES;
				CLANG_WARN_BLOCK_CAPTURE_AUTORELEASING = YES;
				CLANG_WARN_BOOL_CONVERSION = YES;
				CLANG_WARN_COMMA = YES;
				CLANG_WARN_CONSTANT_CONVERSION = YES;
				CLANG_WARN_DEPRECATED_OBJC_IMPLEMENTATIONS = YES;
				CLANG_WARN_DIRECT_OBJC_ISA_USAGE = YES_ERROR;
				CLANG_WARN_DOCUMENTATION_COMMENTS = YES;
				CLANG_WARN_EMPTY_BODY = YES;
				CLANG_WARN_ENUM_CONVERSION = YES;
				CLANG_WARN_INFINITE_RECURSION = YES;
				CLANG_WARN_INT_CONVERSION = YES;
				CLANG_WARN_NON_LITERAL_NULL_CONVERSION = YES;
				CLANG_WARN_OBJC_IMPLICIT_RETAIN_SELF = YES;
				CLANG_WARN_OBJC_LITERAL_CONVERSION = YES;
				CLANG_WARN_OBJC_ROOT_CLASS = YES_ERROR;
				CLANG_WARN_QUOTED_INCLUDE_IN_FRAMEWORK_HEADER = YES;
				CLANG_WARN_RANGE_LOOP_ANALYSIS = YES;
				CLANG_WARN_STRICT_PROTOTYPES = YES;
				CLANG_WARN_SUSPICIOUS_MOVE = YES;
				CLANG_WARN_UNGUARDED_AVAILABILITY = YES_AGGRESSIVE;
				CLANG_WARN_UNREACHABLE_CODE = YES;
				CLANG_WARN__DUPLICATE_METHOD_MATCH = YES;
				COPY_PHASE_STRIP = NO;
				DEBUG_INFORMATION_FORMAT = dwarf;
				ENABLE_STRICT_OBJC_MSGSEND = YES;
				ENABLE_TESTABILITY = YES;
				GCC_C_LANGUAGE_STANDARD = gnu11;
				GCC_DYNAMIC_NO_PIC = NO;
				GCC_NO_COMMON_BLOCKS = YES;
				GCC_OPTIMIZATION_LEVEL = 0;
				GCC_PREPROCESSOR_DEFINITIONS = (
					"DEBUG=1",
					"$(inherited)",
				);
				GCC_WARN_64_TO_32_BIT_CONVERSION = YES;
				GCC_WARN_ABOUT_RETURN_TYPE = YES_ERROR;
				GCC_WARN_UNDECLARED_SELECTOR = YES;
				GCC_WARN_UNINITIALIZED_AUTOS = YES_AGGRESSIVE;
				GCC_WARN_UNUSED_FUNCTION = YES;
				GCC_WARN_UNUSED_VARIABLE = YES;
				IPHONEOS_DEPLOYMENT_TARGET = 16.4;
				MTL_ENABLE_DEBUG_INFO = INCLUDE_SOURCE;
				MTL_FAST_MATH = YES;
				ONLY_ACTIVE_ARCH = YES;
				SDKROOT = iphoneos;
				SWIFT_ACTIVE_COMPILATION_CONDITIONS = DEBUG;
				SWIFT_OPTIMIZATION_LEVEL = "-Onone";
			};
			name = Debug;
		};
		FAF1A9642A77F1F800528B5D /* Release */ = {
			isa = XCBuildConfiguration;
			buildSettings = {
				ALWAYS_SEARCH_USER_PATHS = NO;
				CLANG_ANALYZER_NONNULL = YES;
				CLANG_ANALYZER_NUMBER_OBJECT_CONVERSION = YES_AGGRESSIVE;
				CLANG_CXX_LANGUAGE_STANDARD = "gnu++20";
				CLANG_ENABLE_MODULES = YES;
				CLANG_ENABLE_OBJC_ARC = YES;
				CLANG_ENABLE_OBJC_WEAK = YES;
				CLANG_WARN_BLOCK_CAPTURE_AUTORELEASING = YES;
				CLANG_WARN_BOOL_CONVERSION = YES;
				CLANG_WARN_COMMA = YES;
				CLANG_WARN_CONSTANT_CONVERSION = YES;
				CLANG_WARN_DEPRECATED_OBJC_IMPLEMENTATIONS = YES;
				CLANG_WARN_DIRECT_OBJC_ISA_USAGE = YES_ERROR;
				CLANG_WARN_DOCUMENTATION_COMMENTS = YES;
				CLANG_WARN_EMPTY_BODY = YES;
				CLANG_WARN_ENUM_CONVERSION = YES;
				CLANG_WARN_INFINITE_RECURSION = YES;
				CLANG_WARN_INT_CONVERSION = YES;
				CLANG_WARN_NON_LITERAL_NULL_CONVERSION = YES;
				CLANG_WARN_OBJC_IMPLICIT_RETAIN_SELF = YES;
				CLANG_WARN_OBJC_LITERAL_CONVERSION = YES;
				CLANG_WARN_OBJC_ROOT_CLASS = YES_ERROR;
				CLANG_WARN_QUOTED_INCLUDE_IN_FRAMEWORK_HEADER = YES;
				CLANG_WARN_RANGE_LOOP_ANALYSIS = YES;
				CLANG_WARN_STRICT_PROTOTYPES = YES;
				CLANG_WARN_SUSPICIOUS_MOVE = YES;
				CLANG_WARN_UNGUARDED_AVAILABILITY = YES_AGGRESSIVE;
				CLANG_WARN_UNREACHABLE_CODE = YES;
				CLANG_WARN__DUPLICATE_METHOD_MATCH = YES;
				COPY_PHASE_STRIP = NO;
				DEBUG_INFORMATION_FORMAT = "dwarf-with-dsym";
				ENABLE_NS_ASSERTIONS = NO;
				ENABLE_STRICT_OBJC_MSGSEND = YES;
				GCC_C_LANGUAGE_STANDARD = gnu11;
				GCC_NO_COMMON_BLOCKS = YES;
				GCC_WARN_64_TO_32_BIT_CONVERSION = YES;
				GCC_WARN_ABOUT_RETURN_TYPE = YES_ERROR;
				GCC_WARN_UNDECLARED_SELECTOR = YES;
				GCC_WARN_UNINITIALIZED_AUTOS = YES_AGGRESSIVE;
				GCC_WARN_UNUSED_FUNCTION = YES;
				GCC_WARN_UNUSED_VARIABLE = YES;
				IPHONEOS_DEPLOYMENT_TARGET = 16.4;
				MTL_ENABLE_DEBUG_INFO = NO;
				MTL_FAST_MATH = YES;
				SDKROOT = iphoneos;
				SWIFT_COMPILATION_MODE = wholemodule;
				SWIFT_OPTIMIZATION_LEVEL = "-O";
				VALIDATE_PRODUCT = YES;
			};
			name = Release;
		};
		FAF1A9662A77F1F800528B5D /* Debug */ = {
			isa = XCBuildConfiguration;
			buildSettings = {
				ASSETCATALOG_COMPILER_APPICON_NAME = AppIcon;
				ASSETCATALOG_COMPILER_GLOBAL_ACCENT_COLOR_NAME = AccentColor;
				CODE_SIGN_STYLE = Automatic;
				CURRENT_PROJECT_VERSION = 1;
				DEVELOPMENT_TEAM = CV7J7FRK2Y;
				GENERATE_INFOPLIST_FILE = YES;
				INFOPLIST_FILE = "Chuck Norris Joke/Info.plist";
				INFOPLIST_KEY_UIApplicationSupportsIndirectInputEvents = YES;
				INFOPLIST_KEY_UILaunchStoryboardName = LaunchScreen;
				INFOPLIST_KEY_UISupportedInterfaceOrientations_iPad = "UIInterfaceOrientationPortrait UIInterfaceOrientationPortraitUpsideDown UIInterfaceOrientationLandscapeLeft UIInterfaceOrientationLandscapeRight";
				INFOPLIST_KEY_UISupportedInterfaceOrientations_iPhone = "UIInterfaceOrientationPortrait UIInterfaceOrientationLandscapeLeft UIInterfaceOrientationLandscapeRight";
				LD_RUNPATH_SEARCH_PATHS = (
					"$(inherited)",
					"@executable_path/Frameworks",
				);
				MARKETING_VERSION = 1.0;
				PRODUCT_BUNDLE_IDENTIFIER = "POPOV-ALEKSANDR.Chuck-Norris-Joke";
				PRODUCT_NAME = "$(TARGET_NAME)";
				SWIFT_EMIT_LOC_STRINGS = YES;
				SWIFT_VERSION = 5.0;
				TARGETED_DEVICE_FAMILY = "1,2";
			};
			name = Debug;
		};
		FAF1A9672A77F1F800528B5D /* Release */ = {
			isa = XCBuildConfiguration;
			buildSettings = {
				ASSETCATALOG_COMPILER_APPICON_NAME = AppIcon;
				ASSETCATALOG_COMPILER_GLOBAL_ACCENT_COLOR_NAME = AccentColor;
				CODE_SIGN_STYLE = Automatic;
				CURRENT_PROJECT_VERSION = 1;
				DEVELOPMENT_TEAM = CV7J7FRK2Y;
				GENERATE_INFOPLIST_FILE = YES;
				INFOPLIST_FILE = "Chuck Norris Joke/Info.plist";
				INFOPLIST_KEY_UIApplicationSupportsIndirectInputEvents = YES;
				INFOPLIST_KEY_UILaunchStoryboardName = LaunchScreen;
				INFOPLIST_KEY_UISupportedInterfaceOrientations_iPad = "UIInterfaceOrientationPortrait UIInterfaceOrientationPortraitUpsideDown UIInterfaceOrientationLandscapeLeft UIInterfaceOrientationLandscapeRight";
				INFOPLIST_KEY_UISupportedInterfaceOrientations_iPhone = "UIInterfaceOrientationPortrait UIInterfaceOrientationLandscapeLeft UIInterfaceOrientationLandscapeRight";
				LD_RUNPATH_SEARCH_PATHS = (
					"$(inherited)",
					"@executable_path/Frameworks",
				);
				MARKETING_VERSION = 1.0;
				PRODUCT_BUNDLE_IDENTIFIER = "POPOV-ALEKSANDR.Chuck-Norris-Joke";
				PRODUCT_NAME = "$(TARGET_NAME)";
				SWIFT_EMIT_LOC_STRINGS = YES;
				SWIFT_VERSION = 5.0;
				TARGETED_DEVICE_FAMILY = "1,2";
			};
			name = Release;
		};
/* End XCBuildConfiguration section */

/* Begin XCConfigurationList section */
		FAF1A94C2A77F1F700528B5D /* Build configuration list for PBXProject "Chuck Norris Joke" */ = {
			isa = XCConfigurationList;
			buildConfigurations = (
				FAF1A9632A77F1F800528B5D /* Debug */,
				FAF1A9642A77F1F800528B5D /* Release */,
			);
			defaultConfigurationIsVisible = 0;
			defaultConfigurationName = Release;
		};
		FAF1A9652A77F1F800528B5D /* Build configuration list for PBXNativeTarget "Chuck Norris Joke" */ = {
			isa = XCConfigurationList;
			buildConfigurations = (
				FAF1A9662A77F1F800528B5D /* Debug */,
				FAF1A9672A77F1F800528B5D /* Release */,
			);
			defaultConfigurationIsVisible = 0;
			defaultConfigurationName = Release;
		};
/* End XCConfigurationList section */

/* Begin XCRemoteSwiftPackageReference section */
		FAF1A9682A77F57900528B5D /* XCRemoteSwiftPackageReference "SnapKit" */ = {
			isa = XCRemoteSwiftPackageReference;
			repositoryURL = "https://github.com/SnapKit/SnapKit.git";
			requirement = {
				kind = upToNextMajorVersion;
				minimumVersion = 5.0.0;
			};
		};
		FAF1A96B2A77F68300528B5D /* XCRemoteSwiftPackageReference "Alamofire" */ = {
			isa = XCRemoteSwiftPackageReference;
			repositoryURL = "https://github.com/Alamofire/Alamofire.git";
			requirement = {
				kind = upToNextMajorVersion;
				minimumVersion = 5.0.0;
			};
		};
/* End XCRemoteSwiftPackageReference section */

/* Begin XCSwiftPackageProductDependency section */
		FAF1A9692A77F57900528B5D /* SnapKit */ = {
			isa = XCSwiftPackageProductDependency;
			package = FAF1A9682A77F57900528B5D /* XCRemoteSwiftPackageReference "SnapKit" */;
			productName = SnapKit;
		};
		FAF1A96C2A77F68300528B5D /* Alamofire */ = {
			isa = XCSwiftPackageProductDependency;
			package = FAF1A96B2A77F68300528B5D /* XCRemoteSwiftPackageReference "Alamofire" */;
			productName = Alamofire;
		};
/* End XCSwiftPackageProductDependency section */
	};
	rootObject = FAF1A9492A77F1F700528B5D /* Project object */;
}
